// !$*UTF8*$!
{
	archiveVersion = 1;
	classes = {
	};
	objectVersion = 56;
	objects = {

/* Begin PBXBuildFile section */
		2E56500E2AEBD39E0096C35C /* AppDelegate.swift in Sources */ = {isa = PBXBuildFile; fileRef = 2E56500D2AEBD39E0096C35C /* AppDelegate.swift */; };
		2E5650102AEBD39E0096C35C /* SceneDelegate.swift in Sources */ = {isa = PBXBuildFile; fileRef = 2E56500F2AEBD39E0096C35C /* SceneDelegate.swift */; };
		2E5650122AEBD39E0096C35C /* HomeViewController.swift in Sources */ = {isa = PBXBuildFile; fileRef = 2E5650112AEBD39E0096C35C /* HomeViewController.swift */; };
		2E5650152AEBD39E0096C35C /* Main.storyboard in Resources */ = {isa = PBXBuildFile; fileRef = 2E5650132AEBD39E0096C35C /* Main.storyboard */; };
		2E5650182AEBD39E0096C35C /* MovieDataBaseApp.xcdatamodeld in Sources */ = {isa = PBXBuildFile; fileRef = 2E5650162AEBD39E0096C35C /* MovieDataBaseApp.xcdatamodeld */; };
		2E56501A2AEBD39F0096C35C /* Assets.xcassets in Resources */ = {isa = PBXBuildFile; fileRef = 2E5650192AEBD39F0096C35C /* Assets.xcassets */; };
		2E56501D2AEBD39F0096C35C /* LaunchScreen.storyboard in Resources */ = {isa = PBXBuildFile; fileRef = 2E56501B2AEBD39F0096C35C /* LaunchScreen.storyboard */; };
		2E5650282AEBD3A00096C35C /* MovieDataBaseAppTests.swift in Sources */ = {isa = PBXBuildFile; fileRef = 2E5650272AEBD3A00096C35C /* MovieDataBaseAppTests.swift */; };
		2E5650322AEBD3A00096C35C /* MovieDataBaseAppUITests.swift in Sources */ = {isa = PBXBuildFile; fileRef = 2E5650312AEBD3A00096C35C /* MovieDataBaseAppUITests.swift */; };
		2E5650342AEBD3A00096C35C /* MovieDataBaseAppUITestsLaunchTests.swift in Sources */ = {isa = PBXBuildFile; fileRef = 2E5650332AEBD3A00096C35C /* MovieDataBaseAppUITestsLaunchTests.swift */; };
		2E5650452AEBD65B0096C35C /* Movie.swift in Sources */ = {isa = PBXBuildFile; fileRef = 2E5650442AEBD65B0096C35C /* Movie.swift */; };
		2E5650462AEBD65B0096C35C /* Movie.swift in Sources */ = {isa = PBXBuildFile; fileRef = 2E5650442AEBD65B0096C35C /* Movie.swift */; };
		2E5650472AEBD65B0096C35C /* Movie.swift in Sources */ = {isa = PBXBuildFile; fileRef = 2E5650442AEBD65B0096C35C /* Movie.swift */; };
		2E5650492AEBD6820096C35C /* movies.json in Resources */ = {isa = PBXBuildFile; fileRef = 2E5650482AEBD6820096C35C /* movies.json */; };
		2E56504A2AEBD6820096C35C /* movies.json in Resources */ = {isa = PBXBuildFile; fileRef = 2E5650482AEBD6820096C35C /* movies.json */; };
		2E56504B2AEBD6820096C35C /* movies.json in Resources */ = {isa = PBXBuildFile; fileRef = 2E5650482AEBD6820096C35C /* movies.json */; };
		2E56504F2AEBD7A80096C35C /* DiskManager.swift in Sources */ = {isa = PBXBuildFile; fileRef = 2E56504E2AEBD7A80096C35C /* DiskManager.swift */; };
		2E5650502AEBD7A80096C35C /* DiskManager.swift in Sources */ = {isa = PBXBuildFile; fileRef = 2E56504E2AEBD7A80096C35C /* DiskManager.swift */; };
		2E5650512AEBD7A80096C35C /* DiskManager.swift in Sources */ = {isa = PBXBuildFile; fileRef = 2E56504E2AEBD7A80096C35C /* DiskManager.swift */; };
		2E5650532AEBD8420096C35C /* HomeViewModel.swift in Sources */ = {isa = PBXBuildFile; fileRef = 2E5650522AEBD8420096C35C /* HomeViewModel.swift */; };
		2E5650542AEBD8420096C35C /* HomeViewModel.swift in Sources */ = {isa = PBXBuildFile; fileRef = 2E5650522AEBD8420096C35C /* HomeViewModel.swift */; };
		2E5650552AEBD8420096C35C /* HomeViewModel.swift in Sources */ = {isa = PBXBuildFile; fileRef = 2E5650522AEBD8420096C35C /* HomeViewModel.swift */; };
		2E56505A2AEBF52C0096C35C /* MovieDetailsTableViewCell.swift in Sources */ = {isa = PBXBuildFile; fileRef = 2E5650582AEBF52C0096C35C /* MovieDetailsTableViewCell.swift */; };
		2E56505D2AEBF52C0096C35C /* MovieDetailsTableViewCell.xib in Resources */ = {isa = PBXBuildFile; fileRef = 2E5650592AEBF52C0096C35C /* MovieDetailsTableViewCell.xib */; };
		2E56505E2AEBF52C0096C35C /* MovieDetailsTableViewCell.xib in Resources */ = {isa = PBXBuildFile; fileRef = 2E5650592AEBF52C0096C35C /* MovieDetailsTableViewCell.xib */; };
		2E56505F2AEBF52C0096C35C /* MovieDetailsTableViewCell.xib in Resources */ = {isa = PBXBuildFile; fileRef = 2E5650592AEBF52C0096C35C /* MovieDetailsTableViewCell.xib */; };
		2E5650612AEBF9AE0096C35C /* NetworkManager.swift in Sources */ = {isa = PBXBuildFile; fileRef = 2E5650602AEBF9AE0096C35C /* NetworkManager.swift */; };
		2E5650622AEBF9AE0096C35C /* NetworkManager.swift in Sources */ = {isa = PBXBuildFile; fileRef = 2E5650602AEBF9AE0096C35C /* NetworkManager.swift */; };
		2E5650632AEBF9AE0096C35C /* NetworkManager.swift in Sources */ = {isa = PBXBuildFile; fileRef = 2E5650602AEBF9AE0096C35C /* NetworkManager.swift */; };
		2EAC37D52AEC027100B1BA27 /* SectionModel.swift in Sources */ = {isa = PBXBuildFile; fileRef = 2EAC37D42AEC027100B1BA27 /* SectionModel.swift */; };
		2EAC37D62AEC027400B1BA27 /* SectionModel.swift in Sources */ = {isa = PBXBuildFile; fileRef = 2EAC37D42AEC027100B1BA27 /* SectionModel.swift */; };
		2EAC37D72AEC027400B1BA27 /* SectionModel.swift in Sources */ = {isa = PBXBuildFile; fileRef = 2EAC37D42AEC027100B1BA27 /* SectionModel.swift */; };
		2EAC37DE2AEC08A800B1BA27 /* CategoriesTableViewCell.swift in Sources */ = {isa = PBXBuildFile; fileRef = 2EAC37DC2AEC08A800B1BA27 /* CategoriesTableViewCell.swift */; };
		2EAC37E12AEC08A800B1BA27 /* CategoriesTableViewCell.xib in Resources */ = {isa = PBXBuildFile; fileRef = 2EAC37DD2AEC08A800B1BA27 /* CategoriesTableViewCell.xib */; };
		2EAC37E22AEC08A800B1BA27 /* CategoriesTableViewCell.xib in Resources */ = {isa = PBXBuildFile; fileRef = 2EAC37DD2AEC08A800B1BA27 /* CategoriesTableViewCell.xib */; };
		2EAC37E32AEC08A800B1BA27 /* CategoriesTableViewCell.xib in Resources */ = {isa = PBXBuildFile; fileRef = 2EAC37DD2AEC08A800B1BA27 /* CategoriesTableViewCell.xib */; };
		2EAC37E52AEC3D2E00B1BA27 /* MovieFullDetailsViewController.swift in Sources */ = {isa = PBXBuildFile; fileRef = 2EAC37E42AEC3D2E00B1BA27 /* MovieFullDetailsViewController.swift */; };
		2EAC37EB2AEC3F6200B1BA27 /* RatingControlView.swift in Sources */ = {isa = PBXBuildFile; fileRef = 2EAC37EA2AEC3F6200B1BA27 /* RatingControlView.swift */; };
		2EAC37EC2AEC3F6200B1BA27 /* RatingControlView.swift in Sources */ = {isa = PBXBuildFile; fileRef = 2EAC37EA2AEC3F6200B1BA27 /* RatingControlView.swift */; };
		2EAC37ED2AEC3F6200B1BA27 /* RatingControlView.swift in Sources */ = {isa = PBXBuildFile; fileRef = 2EAC37EA2AEC3F6200B1BA27 /* RatingControlView.swift */; };
		2EAC37EF2AEC48C700B1BA27 /* CategoriesDetailsViewController.swift in Sources */ = {isa = PBXBuildFile; fileRef = 2EAC37EE2AEC48C700B1BA27 /* CategoriesDetailsViewController.swift */; };
		2EAC37F02AEC48C700B1BA27 /* CategoriesDetailsViewController.swift in Sources */ = {isa = PBXBuildFile; fileRef = 2EAC37EE2AEC48C700B1BA27 /* CategoriesDetailsViewController.swift */; };
		2EAC37F12AEC48C700B1BA27 /* CategoriesDetailsViewController.swift in Sources */ = {isa = PBXBuildFile; fileRef = 2EAC37EE2AEC48C700B1BA27 /* CategoriesDetailsViewController.swift */; };
/* End PBXBuildFile section */

/* Begin PBXContainerItemProxy section */
		2E5650242AEBD3A00096C35C /* PBXContainerItemProxy */ = {
			isa = PBXContainerItemProxy;
			containerPortal = 2E5650022AEBD39E0096C35C /* Project object */;
			proxyType = 1;
			remoteGlobalIDString = 2E5650092AEBD39E0096C35C;
			remoteInfo = MovieDataBaseApp;
		};
		2E56502E2AEBD3A00096C35C /* PBXContainerItemProxy */ = {
			isa = PBXContainerItemProxy;
			containerPortal = 2E5650022AEBD39E0096C35C /* Project object */;
			proxyType = 1;
			remoteGlobalIDString = 2E5650092AEBD39E0096C35C;
			remoteInfo = MovieDataBaseApp;
		};
/* End PBXContainerItemProxy section */

/* Begin PBXFileReference section */
		2E56500A2AEBD39E0096C35C /* MovieDataBaseApp.app */ = {isa = PBXFileReference; explicitFileType = wrapper.application; includeInIndex = 0; path = MovieDataBaseApp.app; sourceTree = BUILT_PRODUCTS_DIR; };
		2E56500D2AEBD39E0096C35C /* AppDelegate.swift */ = {isa = PBXFileReference; lastKnownFileType = sourcecode.swift; path = AppDelegate.swift; sourceTree = "<group>"; };
		2E56500F2AEBD39E0096C35C /* SceneDelegate.swift */ = {isa = PBXFileReference; lastKnownFileType = sourcecode.swift; path = SceneDelegate.swift; sourceTree = "<group>"; };
		2E5650112AEBD39E0096C35C /* HomeViewController.swift */ = {isa = PBXFileReference; lastKnownFileType = sourcecode.swift; path = HomeViewController.swift; sourceTree = "<group>"; };
		2E5650142AEBD39E0096C35C /* Base */ = {isa = PBXFileReference; lastKnownFileType = file.storyboard; name = Base; path = Base.lproj/Main.storyboard; sourceTree = "<group>"; };
		2E5650172AEBD39E0096C35C /* MovieDataBaseApp.xcdatamodel */ = {isa = PBXFileReference; lastKnownFileType = wrapper.xcdatamodel; path = MovieDataBaseApp.xcdatamodel; sourceTree = "<group>"; };
		2E5650192AEBD39F0096C35C /* Assets.xcassets */ = {isa = PBXFileReference; lastKnownFileType = folder.assetcatalog; path = Assets.xcassets; sourceTree = "<group>"; };
		2E56501C2AEBD39F0096C35C /* Base */ = {isa = PBXFileReference; lastKnownFileType = file.storyboard; name = Base; path = Base.lproj/LaunchScreen.storyboard; sourceTree = "<group>"; };
		2E56501E2AEBD39F0096C35C /* Info.plist */ = {isa = PBXFileReference; lastKnownFileType = text.plist.xml; path = Info.plist; sourceTree = "<group>"; };
		2E5650232AEBD3A00096C35C /* MovieDataBaseAppTests.xctest */ = {isa = PBXFileReference; explicitFileType = wrapper.cfbundle; includeInIndex = 0; path = MovieDataBaseAppTests.xctest; sourceTree = BUILT_PRODUCTS_DIR; };
		2E5650272AEBD3A00096C35C /* MovieDataBaseAppTests.swift */ = {isa = PBXFileReference; lastKnownFileType = sourcecode.swift; path = MovieDataBaseAppTests.swift; sourceTree = "<group>"; };
		2E56502D2AEBD3A00096C35C /* MovieDataBaseAppUITests.xctest */ = {isa = PBXFileReference; explicitFileType = wrapper.cfbundle; includeInIndex = 0; path = MovieDataBaseAppUITests.xctest; sourceTree = BUILT_PRODUCTS_DIR; };
		2E5650312AEBD3A00096C35C /* MovieDataBaseAppUITests.swift */ = {isa = PBXFileReference; lastKnownFileType = sourcecode.swift; path = MovieDataBaseAppUITests.swift; sourceTree = "<group>"; };
		2E5650332AEBD3A00096C35C /* MovieDataBaseAppUITestsLaunchTests.swift */ = {isa = PBXFileReference; lastKnownFileType = sourcecode.swift; path = MovieDataBaseAppUITestsLaunchTests.swift; sourceTree = "<group>"; };
		2E5650442AEBD65B0096C35C /* Movie.swift */ = {isa = PBXFileReference; lastKnownFileType = sourcecode.swift; path = Movie.swift; sourceTree = "<group>"; };
		2E5650482AEBD6820096C35C /* movies.json */ = {isa = PBXFileReference; fileEncoding = 4; lastKnownFileType = text.json; path = movies.json; sourceTree = "<group>"; };
		2E56504E2AEBD7A80096C35C /* DiskManager.swift */ = {isa = PBXFileReference; lastKnownFileType = sourcecode.swift; path = DiskManager.swift; sourceTree = "<group>"; };
		2E5650522AEBD8420096C35C /* HomeViewModel.swift */ = {isa = PBXFileReference; lastKnownFileType = sourcecode.swift; path = HomeViewModel.swift; sourceTree = "<group>"; };
		2E5650582AEBF52C0096C35C /* MovieDetailsTableViewCell.swift */ = {isa = PBXFileReference; lastKnownFileType = sourcecode.swift; path = MovieDetailsTableViewCell.swift; sourceTree = "<group>"; };
		2E5650592AEBF52C0096C35C /* MovieDetailsTableViewCell.xib */ = {isa = PBXFileReference; lastKnownFileType = file.xib; path = MovieDetailsTableViewCell.xib; sourceTree = "<group>"; };
		2E5650602AEBF9AE0096C35C /* NetworkManager.swift */ = {isa = PBXFileReference; lastKnownFileType = sourcecode.swift; path = NetworkManager.swift; sourceTree = "<group>"; };
		2EAC37D42AEC027100B1BA27 /* SectionModel.swift */ = {isa = PBXFileReference; lastKnownFileType = sourcecode.swift; path = SectionModel.swift; sourceTree = "<group>"; };
		2EAC37DC2AEC08A800B1BA27 /* CategoriesTableViewCell.swift */ = {isa = PBXFileReference; lastKnownFileType = sourcecode.swift; path = CategoriesTableViewCell.swift; sourceTree = "<group>"; };
		2EAC37DD2AEC08A800B1BA27 /* CategoriesTableViewCell.xib */ = {isa = PBXFileReference; lastKnownFileType = file.xib; path = CategoriesTableViewCell.xib; sourceTree = "<group>"; };
		2EAC37E42AEC3D2E00B1BA27 /* MovieFullDetailsViewController.swift */ = {isa = PBXFileReference; lastKnownFileType = sourcecode.swift; path = MovieFullDetailsViewController.swift; sourceTree = "<group>"; };
		2EAC37EA2AEC3F6200B1BA27 /* RatingControlView.swift */ = {isa = PBXFileReference; lastKnownFileType = sourcecode.swift; path = RatingControlView.swift; sourceTree = "<group>"; };
		2EAC37EE2AEC48C700B1BA27 /* CategoriesDetailsViewController.swift */ = {isa = PBXFileReference; lastKnownFileType = sourcecode.swift; path = CategoriesDetailsViewController.swift; sourceTree = "<group>"; };
/* End PBXFileReference section */

/* Begin PBXFrameworksBuildPhase section */
		2E5650072AEBD39E0096C35C /* Frameworks */ = {
			isa = PBXFrameworksBuildPhase;
			buildActionMask = 2147483647;
			files = (
			);
			runOnlyForDeploymentPostprocessing = 0;
		};
		2E5650202AEBD3A00096C35C /* Frameworks */ = {
			isa = PBXFrameworksBuildPhase;
			buildActionMask = 2147483647;
			files = (
			);
			runOnlyForDeploymentPostprocessing = 0;
		};
		2E56502A2AEBD3A00096C35C /* Frameworks */ = {
			isa = PBXFrameworksBuildPhase;
			buildActionMask = 2147483647;
			files = (
			);
			runOnlyForDeploymentPostprocessing = 0;
		};
/* End PBXFrameworksBuildPhase section */

/* Begin PBXGroup section */
		2E5650012AEBD39E0096C35C = {
			isa = PBXGroup;
			children = (
				2E56500C2AEBD39E0096C35C /* MovieDataBaseApp */,
				2E5650262AEBD3A00096C35C /* MovieDataBaseAppTests */,
				2E5650302AEBD3A00096C35C /* MovieDataBaseAppUITests */,
				2E56500B2AEBD39E0096C35C /* Products */,
			);
			sourceTree = "<group>";
		};
		2E56500B2AEBD39E0096C35C /* Products */ = {
			isa = PBXGroup;
			children = (
				2E56500A2AEBD39E0096C35C /* MovieDataBaseApp.app */,
				2E5650232AEBD3A00096C35C /* MovieDataBaseAppTests.xctest */,
				2E56502D2AEBD3A00096C35C /* MovieDataBaseAppUITests.xctest */,
			);
			name = Products;
			sourceTree = "<group>";
		};
		2E56500C2AEBD39E0096C35C /* MovieDataBaseApp */ = {
			isa = PBXGroup;
			children = (
				2E56500D2AEBD39E0096C35C /* AppDelegate.swift */,
				2E56500F2AEBD39E0096C35C /* SceneDelegate.swift */,
				2E56504C2AEBD6FB0096C35C /* Utils */,
				2E5650432AEBD6360096C35C /* Views */,
				2E5650412AEBD6230096C35C /* ViewModel */,
				2E5650402AEBD61C0096C35C /* Model */,
				2E5650192AEBD39F0096C35C /* Assets.xcassets */,
				2E56501B2AEBD39F0096C35C /* LaunchScreen.storyboard */,
				2E56501E2AEBD39F0096C35C /* Info.plist */,
				2E5650162AEBD39E0096C35C /* MovieDataBaseApp.xcdatamodeld */,
			);
			path = MovieDataBaseApp;
			sourceTree = "<group>";
		};
		2E5650262AEBD3A00096C35C /* MovieDataBaseAppTests */ = {
			isa = PBXGroup;
			children = (
				2E5650272AEBD3A00096C35C /* MovieDataBaseAppTests.swift */,
			);
			path = MovieDataBaseAppTests;
			sourceTree = "<group>";
		};
		2E5650302AEBD3A00096C35C /* MovieDataBaseAppUITests */ = {
			isa = PBXGroup;
			children = (
				2E5650312AEBD3A00096C35C /* MovieDataBaseAppUITests.swift */,
				2E5650332AEBD3A00096C35C /* MovieDataBaseAppUITestsLaunchTests.swift */,
			);
			path = MovieDataBaseAppUITests;
			sourceTree = "<group>";
		};
		2E5650402AEBD61C0096C35C /* Model */ = {
			isa = PBXGroup;
			children = (
				2E5650442AEBD65B0096C35C /* Movie.swift */,
				2EAC37D42AEC027100B1BA27 /* SectionModel.swift */,
				2E5650482AEBD6820096C35C /* movies.json */,
			);
			path = Model;
			sourceTree = "<group>";
		};
		2E5650412AEBD6230096C35C /* ViewModel */ = {
			isa = PBXGroup;
			children = (
				2E5650522AEBD8420096C35C /* HomeViewModel.swift */,
			);
			path = ViewModel;
			sourceTree = "<group>";
		};
		2E5650432AEBD6360096C35C /* Views */ = {
			isa = PBXGroup;
			children = (
				2EAC37E92AEC3F3900B1BA27 /* Controllers */,
				2EAC37E82AEC3F2000B1BA27 /* Reusable Views */,
				2E5650572AEBF4E40096C35C /* XIBS */,
				2E5650562AEBD8900096C35C /* StoryBoard */,
			);
			path = Views;
			sourceTree = "<group>";
		};
		2E56504C2AEBD6FB0096C35C /* Utils */ = {
			isa = PBXGroup;
			children = (
				2E56504D2AEBD7080096C35C /* Services */,
			);
			path = Utils;
			sourceTree = "<group>";
		};
		2E56504D2AEBD7080096C35C /* Services */ = {
			isa = PBXGroup;
			children = (
				2E56504E2AEBD7A80096C35C /* DiskManager.swift */,
				2E5650602AEBF9AE0096C35C /* NetworkManager.swift */,
			);
			path = Services;
			sourceTree = "<group>";
		};
		2E5650562AEBD8900096C35C /* StoryBoard */ = {
			isa = PBXGroup;
			children = (
				2E5650132AEBD39E0096C35C /* Main.storyboard */,
			);
			path = StoryBoard;
			sourceTree = "<group>";
		};
		2E5650572AEBF4E40096C35C /* XIBS */ = {
			isa = PBXGroup;
			children = (
				2E5650592AEBF52C0096C35C /* MovieDetailsTableViewCell.xib */,
				2EAC37DD2AEC08A800B1BA27 /* CategoriesTableViewCell.xib */,
			);
			path = XIBS;
			sourceTree = "<group>";
		};
		2EAC37E82AEC3F2000B1BA27 /* Reusable Views */ = {
			isa = PBXGroup;
			children = (
				2EAC37DC2AEC08A800B1BA27 /* CategoriesTableViewCell.swift */,
				2EAC37EA2AEC3F6200B1BA27 /* RatingControlView.swift */,
				2E5650582AEBF52C0096C35C /* MovieDetailsTableViewCell.swift */,
			);
			path = "Reusable Views";
			sourceTree = "<group>";
		};
		2EAC37E92AEC3F3900B1BA27 /* Controllers */ = {
			isa = PBXGroup;
			children = (
				2E5650112AEBD39E0096C35C /* HomeViewController.swift */,
				2EAC37E42AEC3D2E00B1BA27 /* MovieFullDetailsViewController.swift */,
				2EAC37EE2AEC48C700B1BA27 /* CategoriesDetailsViewController.swift */,
			);
			path = Controllers;
			sourceTree = "<group>";
		};
/* End PBXGroup section */

/* Begin PBXNativeTarget section */
		2E5650092AEBD39E0096C35C /* MovieDataBaseApp */ = {
			isa = PBXNativeTarget;
			buildConfigurationList = 2E5650372AEBD3A00096C35C /* Build configuration list for PBXNativeTarget "MovieDataBaseApp" */;
			buildPhases = (
				2E5650062AEBD39E0096C35C /* Sources */,
				2E5650072AEBD39E0096C35C /* Frameworks */,
				2E5650082AEBD39E0096C35C /* Resources */,
			);
			buildRules = (
			);
			dependencies = (
			);
			name = MovieDataBaseApp;
			productName = MovieDataBaseApp;
			productReference = 2E56500A2AEBD39E0096C35C /* MovieDataBaseApp.app */;
			productType = "com.apple.product-type.application";
		};
		2E5650222AEBD3A00096C35C /* MovieDataBaseAppTests */ = {
			isa = PBXNativeTarget;
			buildConfigurationList = 2E56503A2AEBD3A00096C35C /* Build configuration list for PBXNativeTarget "MovieDataBaseAppTests" */;
			buildPhases = (
				2E56501F2AEBD3A00096C35C /* Sources */,
				2E5650202AEBD3A00096C35C /* Frameworks */,
				2E5650212AEBD3A00096C35C /* Resources */,
			);
			buildRules = (
			);
			dependencies = (
				2E5650252AEBD3A00096C35C /* PBXTargetDependency */,
			);
			name = MovieDataBaseAppTests;
			productName = MovieDataBaseAppTests;
			productReference = 2E5650232AEBD3A00096C35C /* MovieDataBaseAppTests.xctest */;
			productType = "com.apple.product-type.bundle.unit-test";
		};
		2E56502C2AEBD3A00096C35C /* MovieDataBaseAppUITests */ = {
			isa = PBXNativeTarget;
			buildConfigurationList = 2E56503D2AEBD3A00096C35C /* Build configuration list for PBXNativeTarget "MovieDataBaseAppUITests" */;
			buildPhases = (
				2E5650292AEBD3A00096C35C /* Sources */,
				2E56502A2AEBD3A00096C35C /* Frameworks */,
				2E56502B2AEBD3A00096C35C /* Resources */,
			);
			buildRules = (
			);
			dependencies = (
				2E56502F2AEBD3A00096C35C /* PBXTargetDependency */,
			);
			name = MovieDataBaseAppUITests;
			productName = MovieDataBaseAppUITests;
			productReference = 2E56502D2AEBD3A00096C35C /* MovieDataBaseAppUITests.xctest */;
			productType = "com.apple.product-type.bundle.ui-testing";
		};
/* End PBXNativeTarget section */

/* Begin PBXProject section */
		2E5650022AEBD39E0096C35C /* Project object */ = {
			isa = PBXProject;
			attributes = {
				BuildIndependentTargetsInParallel = 1;
				LastSwiftUpdateCheck = 1410;
				LastUpgradeCheck = 1410;
				TargetAttributes = {
					2E5650092AEBD39E0096C35C = {
						CreatedOnToolsVersion = 14.1;
					};
					2E5650222AEBD3A00096C35C = {
						CreatedOnToolsVersion = 14.1;
						TestTargetID = 2E5650092AEBD39E0096C35C;
					};
					2E56502C2AEBD3A00096C35C = {
						CreatedOnToolsVersion = 14.1;
						TestTargetID = 2E5650092AEBD39E0096C35C;
					};
				};
			};
			buildConfigurationList = 2E5650052AEBD39E0096C35C /* Build configuration list for PBXProject "MovieDataBaseApp" */;
			compatibilityVersion = "Xcode 14.0";
			developmentRegion = en;
			hasScannedForEncodings = 0;
			knownRegions = (
				en,
				Base,
			);
			mainGroup = 2E5650012AEBD39E0096C35C;
			productRefGroup = 2E56500B2AEBD39E0096C35C /* Products */;
			projectDirPath = "";
			projectRoot = "";
			targets = (
				2E5650092AEBD39E0096C35C /* MovieDataBaseApp */,
				2E5650222AEBD3A00096C35C /* MovieDataBaseAppTests */,
				2E56502C2AEBD3A00096C35C /* MovieDataBaseAppUITests */,
			);
		};
/* End PBXProject section */

/* Begin PBXResourcesBuildPhase section */
		2E5650082AEBD39E0096C35C /* Resources */ = {
			isa = PBXResourcesBuildPhase;
			buildActionMask = 2147483647;
			files = (
				2E56501D2AEBD39F0096C35C /* LaunchScreen.storyboard in Resources */,
				2E56501A2AEBD39F0096C35C /* Assets.xcassets in Resources */,
				2E5650492AEBD6820096C35C /* movies.json in Resources */,
				2EAC37E12AEC08A800B1BA27 /* CategoriesTableViewCell.xib in Resources */,
				2E56505D2AEBF52C0096C35C /* MovieDetailsTableViewCell.xib in Resources */,
				2E5650152AEBD39E0096C35C /* Main.storyboard in Resources */,
			);
			runOnlyForDeploymentPostprocessing = 0;
		};
		2E5650212AEBD3A00096C35C /* Resources */ = {
			isa = PBXResourcesBuildPhase;
			buildActionMask = 2147483647;
			files = (
				2EAC37E22AEC08A800B1BA27 /* CategoriesTableViewCell.xib in Resources */,
				2E56504A2AEBD6820096C35C /* movies.json in Resources */,
				2E56505E2AEBF52C0096C35C /* MovieDetailsTableViewCell.xib in Resources */,
			);
			runOnlyForDeploymentPostprocessing = 0;
		};
		2E56502B2AEBD3A00096C35C /* Resources */ = {
			isa = PBXResourcesBuildPhase;
			buildActionMask = 2147483647;
			files = (
				2EAC37E32AEC08A800B1BA27 /* CategoriesTableViewCell.xib in Resources */,
				2E56504B2AEBD6820096C35C /* movies.json in Resources */,
				2E56505F2AEBF52C0096C35C /* MovieDetailsTableViewCell.xib in Resources */,
			);
			runOnlyForDeploymentPostprocessing = 0;
		};
/* End PBXResourcesBuildPhase section */

/* Begin PBXSourcesBuildPhase section */
		2E5650062AEBD39E0096C35C /* Sources */ = {
			isa = PBXSourcesBuildPhase;
			buildActionMask = 2147483647;
			files = (
				2E5650612AEBF9AE0096C35C /* NetworkManager.swift in Sources */,
				2E56504F2AEBD7A80096C35C /* DiskManager.swift in Sources */,
				2EAC37EB2AEC3F6200B1BA27 /* RatingControlView.swift in Sources */,
				2EAC37DE2AEC08A800B1BA27 /* CategoriesTableViewCell.swift in Sources */,
				2E5650122AEBD39E0096C35C /* HomeViewController.swift in Sources */,
				2EAC37EF2AEC48C700B1BA27 /* CategoriesDetailsViewController.swift in Sources */,
				2EAC37D52AEC027100B1BA27 /* SectionModel.swift in Sources */,
				2E5650532AEBD8420096C35C /* HomeViewModel.swift in Sources */,
				2E56505A2AEBF52C0096C35C /* MovieDetailsTableViewCell.swift in Sources */,
				2E56500E2AEBD39E0096C35C /* AppDelegate.swift in Sources */,
				2E5650102AEBD39E0096C35C /* SceneDelegate.swift in Sources */,
				2E5650182AEBD39E0096C35C /* MovieDataBaseApp.xcdatamodeld in Sources */,
				2E5650452AEBD65B0096C35C /* Movie.swift in Sources */,
				2EAC37E52AEC3D2E00B1BA27 /* MovieFullDetailsViewController.swift in Sources */,
			);
			runOnlyForDeploymentPostprocessing = 0;
		};
		2E56501F2AEBD3A00096C35C /* Sources */ = {
			isa = PBXSourcesBuildPhase;
			buildActionMask = 2147483647;
			files = (
				2E5650622AEBF9AE0096C35C /* NetworkManager.swift in Sources */,
				2EAC37EC2AEC3F6200B1BA27 /* RatingControlView.swift in Sources */,
				2E5650502AEBD7A80096C35C /* DiskManager.swift in Sources */,
				2EAC37F02AEC48C700B1BA27 /* CategoriesDetailsViewController.swift in Sources */,
				2E5650462AEBD65B0096C35C /* Movie.swift in Sources */,
				2E5650282AEBD3A00096C35C /* MovieDataBaseAppTests.swift in Sources */,
				2EAC37D62AEC027400B1BA27 /* SectionModel.swift in Sources */,
				2E5650542AEBD8420096C35C /* HomeViewModel.swift in Sources */,
			);
			runOnlyForDeploymentPostprocessing = 0;
		};
		2E5650292AEBD3A00096C35C /* Sources */ = {
			isa = PBXSourcesBuildPhase;
			buildActionMask = 2147483647;
			files = (
				2E5650342AEBD3A00096C35C /* MovieDataBaseAppUITestsLaunchTests.swift in Sources */,
				2E5650322AEBD3A00096C35C /* MovieDataBaseAppUITests.swift in Sources */,
				2E5650512AEBD7A80096C35C /* DiskManager.swift in Sources */,
				2EAC37F12AEC48C700B1BA27 /* CategoriesDetailsViewController.swift in Sources */,
				2EAC37ED2AEC3F6200B1BA27 /* RatingControlView.swift in Sources */,
				2EAC37D72AEC027400B1BA27 /* SectionModel.swift in Sources */,
				2E5650632AEBF9AE0096C35C /* NetworkManager.swift in Sources */,
				2E5650552AEBD8420096C35C /* HomeViewModel.swift in Sources */,
				2E5650472AEBD65B0096C35C /* Movie.swift in Sources */,
			);
			runOnlyForDeploymentPostprocessing = 0;
		};
/* End PBXSourcesBuildPhase section */

/* Begin PBXTargetDependency section */
		2E5650252AEBD3A00096C35C /* PBXTargetDependency */ = {
			isa = PBXTargetDependency;
			target = 2E5650092AEBD39E0096C35C /* MovieDataBaseApp */;
			targetProxy = 2E5650242AEBD3A00096C35C /* PBXContainerItemProxy */;
		};
		2E56502F2AEBD3A00096C35C /* PBXTargetDependency */ = {
			isa = PBXTargetDependency;
			target = 2E5650092AEBD39E0096C35C /* MovieDataBaseApp */;
			targetProxy = 2E56502E2AEBD3A00096C35C /* PBXContainerItemProxy */;
		};
/* End PBXTargetDependency section */

/* Begin PBXVariantGroup section */
		2E5650132AEBD39E0096C35C /* Main.storyboard */ = {
			isa = PBXVariantGroup;
			children = (
				2E5650142AEBD39E0096C35C /* Base */,
			);
			name = Main.storyboard;
			sourceTree = "<group>";
		};
		2E56501B2AEBD39F0096C35C /* LaunchScreen.storyboard */ = {
			isa = PBXVariantGroup;
			children = (
				2E56501C2AEBD39F0096C35C /* Base */,
			);
			name = LaunchScreen.storyboard;
			sourceTree = "<group>";
		};
/* End PBXVariantGroup section */

/* Begin XCBuildConfiguration section */
		2E5650352AEBD3A00096C35C /* Debug */ = {
			isa = XCBuildConfiguration;
			buildSettings = {
				ALWAYS_SEARCH_USER_PATHS = NO;
				CLANG_ANALYZER_NONNULL = YES;
				CLANG_ANALYZER_NUMBER_OBJECT_CONVERSION = YES_AGGRESSIVE;
				CLANG_CXX_LANGUAGE_STANDARD = "gnu++20";
				CLANG_ENABLE_MODULES = YES;
				CLANG_ENABLE_OBJC_ARC = YES;
				CLANG_ENABLE_OBJC_WEAK = YES;
				CLANG_WARN_BLOCK_CAPTURE_AUTORELEASING = YES;
				CLANG_WARN_BOOL_CONVERSION = YES;
				CLANG_WARN_COMMA = YES;
				CLANG_WARN_CONSTANT_CONVERSION = YES;
				CLANG_WARN_DEPRECATED_OBJC_IMPLEMENTATIONS = YES;
				CLANG_WARN_DIRECT_OBJC_ISA_USAGE = YES_ERROR;
				CLANG_WARN_DOCUMENTATION_COMMENTS = YES;
				CLANG_WARN_EMPTY_BODY = YES;
				CLANG_WARN_ENUM_CONVERSION = YES;
				CLANG_WARN_INFINITE_RECURSION = YES;
				CLANG_WARN_INT_CONVERSION = YES;
				CLANG_WARN_NON_LITERAL_NULL_CONVERSION = YES;
				CLANG_WARN_OBJC_IMPLICIT_RETAIN_SELF = YES;
				CLANG_WARN_OBJC_LITERAL_CONVERSION = YES;
				CLANG_WARN_OBJC_ROOT_CLASS = YES_ERROR;
				CLANG_WARN_QUOTED_INCLUDE_IN_FRAMEWORK_HEADER = YES;
				CLANG_WARN_RANGE_LOOP_ANALYSIS = YES;
				CLANG_WARN_STRICT_PROTOTYPES = YES;
				CLANG_WARN_SUSPICIOUS_MOVE = YES;
				CLANG_WARN_UNGUARDED_AVAILABILITY = YES_AGGRESSIVE;
				CLANG_WARN_UNREACHABLE_CODE = YES;
				CLANG_WARN__DUPLICATE_METHOD_MATCH = YES;
				COPY_PHASE_STRIP = NO;
				DEBUG_INFORMATION_FORMAT = dwarf;
				ENABLE_STRICT_OBJC_MSGSEND = YES;
				ENABLE_TESTABILITY = YES;
				GCC_C_LANGUAGE_STANDARD = gnu11;
				GCC_DYNAMIC_NO_PIC = NO;
				GCC_NO_COMMON_BLOCKS = YES;
				GCC_OPTIMIZATION_LEVEL = 0;
				GCC_PREPROCESSOR_DEFINITIONS = (
					"DEBUG=1",
					"$(inherited)",
				);
				GCC_WARN_64_TO_32_BIT_CONVERSION = YES;
				GCC_WARN_ABOUT_RETURN_TYPE = YES_ERROR;
				GCC_WARN_UNDECLARED_SELECTOR = YES;
				GCC_WARN_UNINITIALIZED_AUTOS = YES_AGGRESSIVE;
				GCC_WARN_UNUSED_FUNCTION = YES;
				GCC_WARN_UNUSED_VARIABLE = YES;
				IPHONEOS_DEPLOYMENT_TARGET = 16.1;
				MTL_ENABLE_DEBUG_INFO = INCLUDE_SOURCE;
				MTL_FAST_MATH = YES;
				ONLY_ACTIVE_ARCH = YES;
				SDKROOT = iphoneos;
				SWIFT_ACTIVE_COMPILATION_CONDITIONS = DEBUG;
				SWIFT_OPTIMIZATION_LEVEL = "-Onone";
			};
			name = Debug;
		};
		2E5650362AEBD3A00096C35C /* Release */ = {
			isa = XCBuildConfiguration;
			buildSettings = {
				ALWAYS_SEARCH_USER_PATHS = NO;
				CLANG_ANALYZER_NONNULL = YES;
				CLANG_ANALYZER_NUMBER_OBJECT_CONVERSION = YES_AGGRESSIVE;
				CLANG_CXX_LANGUAGE_STANDARD = "gnu++20";
				CLANG_ENABLE_MODULES = YES;
				CLANG_ENABLE_OBJC_ARC = YES;
				CLANG_ENABLE_OBJC_WEAK = YES;
				CLANG_WARN_BLOCK_CAPTURE_AUTORELEASING = YES;
				CLANG_WARN_BOOL_CONVERSION = YES;
				CLANG_WARN_COMMA = YES;
				CLANG_WARN_CONSTANT_CONVERSION = YES;
				CLANG_WARN_DEPRECATED_OBJC_IMPLEMENTATIONS = YES;
				CLANG_WARN_DIRECT_OBJC_ISA_USAGE = YES_ERROR;
				CLANG_WARN_DOCUMENTATION_COMMENTS = YES;
				CLANG_WARN_EMPTY_BODY = YES;
				CLANG_WARN_ENUM_CONVERSION = YES;
				CLANG_WARN_INFINITE_RECURSION = YES;
				CLANG_WARN_INT_CONVERSION = YES;
				CLANG_WARN_NON_LITERAL_NULL_CONVERSION = YES;
				CLANG_WARN_OBJC_IMPLICIT_RETAIN_SELF = YES;
				CLANG_WARN_OBJC_LITERAL_CONVERSION = YES;
				CLANG_WARN_OBJC_ROOT_CLASS = YES_ERROR;
				CLANG_WARN_QUOTED_INCLUDE_IN_FRAMEWORK_HEADER = YES;
				CLANG_WARN_RANGE_LOOP_ANALYSIS = YES;
				CLANG_WARN_STRICT_PROTOTYPES = YES;
				CLANG_WARN_SUSPICIOUS_MOVE = YES;
				CLANG_WARN_UNGUARDED_AVAILABILITY = YES_AGGRESSIVE;
				CLANG_WARN_UNREACHABLE_CODE = YES;
				CLANG_WARN__DUPLICATE_METHOD_MATCH = YES;
				COPY_PHASE_STRIP = NO;
				DEBUG_INFORMATION_FORMAT = "dwarf-with-dsym";
				ENABLE_NS_ASSERTIONS = NO;
				ENABLE_STRICT_OBJC_MSGSEND = YES;
				GCC_C_LANGUAGE_STANDARD = gnu11;
				GCC_NO_COMMON_BLOCKS = YES;
				GCC_WARN_64_TO_32_BIT_CONVERSION = YES;
				GCC_WARN_ABOUT_RETURN_TYPE = YES_ERROR;
				GCC_WARN_UNDECLARED_SELECTOR = YES;
				GCC_WARN_UNINITIALIZED_AUTOS = YES_AGGRESSIVE;
				GCC_WARN_UNUSED_FUNCTION = YES;
				GCC_WARN_UNUSED_VARIABLE = YES;
				IPHONEOS_DEPLOYMENT_TARGET = 16.1;
				MTL_ENABLE_DEBUG_INFO = NO;
				MTL_FAST_MATH = YES;
				SDKROOT = iphoneos;
				SWIFT_COMPILATION_MODE = wholemodule;
				SWIFT_OPTIMIZATION_LEVEL = "-O";
				VALIDATE_PRODUCT = YES;
			};
			name = Release;
		};
		2E5650382AEBD3A00096C35C /* Debug */ = {
			isa = XCBuildConfiguration;
			buildSettings = {
				ASSETCATALOG_COMPILER_APPICON_NAME = AppIcon;
				ASSETCATALOG_COMPILER_GLOBAL_ACCENT_COLOR_NAME = AccentColor;
				CODE_SIGN_STYLE = Automatic;
				CURRENT_PROJECT_VERSION = 1;
				DEVELOPMENT_TEAM = W899AB4MZP;
				GENERATE_INFOPLIST_FILE = YES;
				INFOPLIST_FILE = MovieDataBaseApp/Info.plist;
				INFOPLIST_KEY_UIApplicationSupportsIndirectInputEvents = YES;
				INFOPLIST_KEY_UILaunchStoryboardName = LaunchScreen;
				INFOPLIST_KEY_UIMainStoryboardFile = Main;
				INFOPLIST_KEY_UISupportedInterfaceOrientations_iPad = "UIInterfaceOrientationPortrait UIInterfaceOrientationPortraitUpsideDown UIInterfaceOrientationLandscapeLeft UIInterfaceOrientationLandscapeRight";
				INFOPLIST_KEY_UISupportedInterfaceOrientations_iPhone = "UIInterfaceOrientationPortrait UIInterfaceOrientationLandscapeLeft UIInterfaceOrientationLandscapeRight";
				IPHONEOS_DEPLOYMENT_TARGET = 16.1;
				LD_RUNPATH_SEARCH_PATHS = (
					"$(inherited)",
					"@executable_path/Frameworks",
				);
				MARKETING_VERSION = 1.0;
				PRODUCT_BUNDLE_IDENTIFIER = com.shubhranshgupta.MovieDataBaseApp;
				PRODUCT_NAME = "$(TARGET_NAME)";
				SUPPORTED_PLATFORMS = "iphoneos iphonesimulator";
				SUPPORTS_MACCATALYST = NO;
				SUPPORTS_MAC_DESIGNED_FOR_IPHONE_IPAD = YES;
				SWIFT_EMIT_LOC_STRINGS = YES;
				SWIFT_VERSION = 5.0;
				TARGETED_DEVICE_FAMILY = 1;
			};
			name = Debug;
		};
		2E5650392AEBD3A00096C35C /* Release */ = {
			isa = XCBuildConfiguration;
			buildSettings = {
				ASSETCATALOG_COMPILER_APPICON_NAME = AppIcon;
				ASSETCATALOG_COMPILER_GLOBAL_ACCENT_COLOR_NAME = AccentColor;
				CODE_SIGN_STYLE = Automatic;
				CURRENT_PROJECT_VERSION = 1;
				DEVELOPMENT_TEAM = W899AB4MZP;
				GENERATE_INFOPLIST_FILE = YES;
				INFOPLIST_FILE = MovieDataBaseApp/Info.plist;
				INFOPLIST_KEY_UIApplicationSupportsIndirectInputEvents = YES;
				INFOPLIST_KEY_UILaunchStoryboardName = LaunchScreen;
				INFOPLIST_KEY_UIMainStoryboardFile = Main;
				INFOPLIST_KEY_UISupportedInterfaceOrientations_iPad = "UIInterfaceOrientationPortrait UIInterfaceOrientationPortraitUpsideDown UIInterfaceOrientationLandscapeLeft UIInterfaceOrientationLandscapeRight";
				INFOPLIST_KEY_UISupportedInterfaceOrientations_iPhone = "UIInterfaceOrientationPortrait UIInterfaceOrientationLandscapeLeft UIInterfaceOrientationLandscapeRight";
				IPHONEOS_DEPLOYMENT_TARGET = 16.1;
				LD_RUNPATH_SEARCH_PATHS = (
					"$(inherited)",
					"@executable_path/Frameworks",
				);
				MARKETING_VERSION = 1.0;
				PRODUCT_BUNDLE_IDENTIFIER = com.shubhranshgupta.MovieDataBaseApp;
				PRODUCT_NAME = "$(TARGET_NAME)";
				SUPPORTED_PLATFORMS = "iphoneos iphonesimulator";
				SUPPORTS_MACCATALYST = NO;
				SUPPORTS_MAC_DESIGNED_FOR_IPHONE_IPAD = YES;
				SWIFT_EMIT_LOC_STRINGS = YES;
				SWIFT_VERSION = 5.0;
				TARGETED_DEVICE_FAMILY = 1;
			};
			name = Release;
		};
		2E56503B2AEBD3A00096C35C /* Debug */ = {
			isa = XCBuildConfiguration;
			buildSettings = {
				ALWAYS_EMBED_SWIFT_STANDARD_LIBRARIES = YES;
				BUNDLE_LOADER = "$(TEST_HOST)";
				CODE_SIGN_STYLE = Automatic;
				CURRENT_PROJECT_VERSION = 1;
				DEVELOPMENT_TEAM = W899AB4MZP;
				GENERATE_INFOPLIST_FILE = YES;
				IPHONEOS_DEPLOYMENT_TARGET = 16.1;
				MARKETING_VERSION = 1.0;
				PRODUCT_BUNDLE_IDENTIFIER = com.shubhranshgupta.MovieDataBaseAppTests;
				PRODUCT_NAME = "$(TARGET_NAME)";
				SWIFT_EMIT_LOC_STRINGS = NO;
				SWIFT_VERSION = 5.0;
				TARGETED_DEVICE_FAMILY = "1,2";
				TEST_HOST = "$(BUILT_PRODUCTS_DIR)/MovieDataBaseApp.app/$(BUNDLE_EXECUTABLE_FOLDER_PATH)/MovieDataBaseApp";
			};
			name = Debug;
		};
		2E56503C2AEBD3A00096C35C /* Release */ = {
			isa = XCBuildConfiguration;
			buildSettings = {
				ALWAYS_EMBED_SWIFT_STANDARD_LIBRARIES = YES;
				BUNDLE_LOADER = "$(TEST_HOST)";
				CODE_SIGN_STYLE = Automatic;
				CURRENT_PROJECT_VERSION = 1;
				DEVELOPMENT_TEAM = W899AB4MZP;
				GENERATE_INFOPLIST_FILE = YES;
				IPHONEOS_DEPLOYMENT_TARGET = 16.1;
				MARKETING_VERSION = 1.0;
				PRODUCT_BUNDLE_IDENTIFIER = com.shubhranshgupta.MovieDataBaseAppTests;
				PRODUCT_NAME = "$(TARGET_NAME)";
				SWIFT_EMIT_LOC_STRINGS = NO;
				SWIFT_VERSION = 5.0;
				TARGETED_DEVICE_FAMILY = "1,2";
				TEST_HOST = "$(BUILT_PRODUCTS_DIR)/MovieDataBaseApp.app/$(BUNDLE_EXECUTABLE_FOLDER_PATH)/MovieDataBaseApp";
			};
			name = Release;
		};
		2E56503E2AEBD3A00096C35C /* Debug */ = {
			isa = XCBuildConfiguration;
			buildSettings = {
				ALWAYS_EMBED_SWIFT_STANDARD_LIBRARIES = YES;
				CODE_SIGN_STYLE = Automatic;
				CURRENT_PROJECT_VERSION = 1;
				DEVELOPMENT_TEAM = W899AB4MZP;
				GENERATE_INFOPLIST_FILE = YES;
				MARKETING_VERSION = 1.0;
				PRODUCT_BUNDLE_IDENTIFIER = com.shubhranshgupta.MovieDataBaseAppUITests;
				PRODUCT_NAME = "$(TARGET_NAME)";
				SWIFT_EMIT_LOC_STRINGS = NO;
				SWIFT_VERSION = 5.0;
				TARGETED_DEVICE_FAMILY = "1,2";
				TEST_TARGET_NAME = MovieDataBaseApp;
			};
			name = Debug;
		};
		2E56503F2AEBD3A00096C35C /* Release */ = {
			isa = XCBuildConfiguration;
			buildSettings = {
				ALWAYS_EMBED_SWIFT_STANDARD_LIBRARIES = YES;
				CODE_SIGN_STYLE = Automatic;
				CURRENT_PROJECT_VERSION = 1;
				DEVELOPMENT_TEAM = W899AB4MZP;
				GENERATE_INFOPLIST_FILE = YES;
				MARKETING_VERSION = 1.0;
				PRODUCT_BUNDLE_IDENTIFIER = com.shubhranshgupta.MovieDataBaseAppUITests;
				PRODUCT_NAME = "$(TARGET_NAME)";
				SWIFT_EMIT_LOC_STRINGS = NO;
				SWIFT_VERSION = 5.0;
				TARGETED_DEVICE_FAMILY = "1,2";
				TEST_TARGET_NAME = MovieDataBaseApp;
			};
			name = Release;
		};
/* End XCBuildConfiguration section */

/* Begin XCConfigurationList section */
		2E5650052AEBD39E0096C35C /* Build configuration list for PBXProject "MovieDataBaseApp" */ = {
			isa = XCConfigurationList;
			buildConfigurations = (
				2E5650352AEBD3A00096C35C /* Debug */,
				2E5650362AEBD3A00096C35C /* Release */,
			);
			defaultConfigurationIsVisible = 0;
			defaultConfigurationName = Release;
		};
		2E5650372AEBD3A00096C35C /* Build configuration list for PBXNativeTarget "MovieDataBaseApp" */ = {
			isa = XCConfigurationList;
			buildConfigurations = (
				2E5650382AEBD3A00096C35C /* Debug */,
				2E5650392AEBD3A00096C35C /* Release */,
			);
			defaultConfigurationIsVisible = 0;
			defaultConfigurationName = Release;
		};
		2E56503A2AEBD3A00096C35C /* Build configuration list for PBXNativeTarget "MovieDataBaseAppTests" */ = {
			isa = XCConfigurationList;
			buildConfigurations = (
				2E56503B2AEBD3A00096C35C /* Debug */,
				2E56503C2AEBD3A00096C35C /* Release */,
			);
			defaultConfigurationIsVisible = 0;
			defaultConfigurationName = Release;
		};
		2E56503D2AEBD3A00096C35C /* Build configuration list for PBXNativeTarget "MovieDataBaseAppUITests" */ = {
			isa = XCConfigurationList;
			buildConfigurations = (
				2E56503E2AEBD3A00096C35C /* Debug */,
				2E56503F2AEBD3A00096C35C /* Release */,
			);
			defaultConfigurationIsVisible = 0;
			defaultConfigurationName = Release;
		};
/* End XCConfigurationList section */

/* Begin XCVersionGroup section */
		2E5650162AEBD39E0096C35C /* MovieDataBaseApp.xcdatamodeld */ = {
			isa = XCVersionGroup;
			children = (
				2E5650172AEBD39E0096C35C /* MovieDataBaseApp.xcdatamodel */,
			);
			currentVersion = 2E5650172AEBD39E0096C35C /* MovieDataBaseApp.xcdatamodel */;
			path = MovieDataBaseApp.xcdatamodeld;
			sourceTree = "<group>";
			versionGroupType = wrapper.xcdatamodel;
		};
/* End XCVersionGroup section */
	};
	rootObject = 2E5650022AEBD39E0096C35C /* Project object */;
}
